
Microsoft Visual Studio Solution File, Format Version 12.00
# Visual Studio 15
Project("{FAE04EC0-301F-11D3-BF4B-00C04F79EFBC}") = "Assembly-CSharp", "Assembly-CSharp.csproj", "{FCA4F7F8-714A-96C1-EF82-95E24DB34B2A}"
EndProject
Project("{FAE04EC0-301F-11D3-BF4B-00C04F79EFBC}") = "Assembly-CSharp-Editor", "Assembly-CSharp-Editor.csproj", "{5829CDF5-40E6-7B82-64E8-848C73D8D6E2}"
EndProject
Global
	GlobalSection(SolutionConfigurationPlatforms) = preSolution
		Debug|Any CPU = Debug|Any CPU
		Release|Any CPU = Release|Any CPU
	EndGlobalSection
	GlobalSection(ProjectConfigurationPlatforms) = postSolution
		{FCA4F7F8-714A-96C1-EF82-95E24DB34B2A}.Debug|Any CPU.ActiveCfg = Debug|Any CPU
		{FCA4F7F8-714A-96C1-EF82-95E24DB34B2A}.Debug|Any CPU.Build.0 = Debug|Any CPU
		{FCA4F7F8-714A-96C1-EF82-95E24DB34B2A}.Release|Any CPU.ActiveCfg = Release|Any CPU
		{FCA4F7F8-714A-96C1-EF82-95E24DB34B2A}.Release|Any CPU.Build.0 = Release|Any CPU
		{5829CDF5-40E6-7B82-64E8-848C73D8D6E2}.Debug|Any CPU.ActiveCfg = Debug|Any CPU
		{5829CDF5-40E6-7B82-64E8-848C73D8D6E2}.Debug|Any CPU.Build.0 = Debug|Any CPU
		{5829CDF5-40E6-7B82-64E8-848C73D8D6E2}.Release|Any CPU.ActiveCfg = Release|Any CPU
		{5829CDF5-40E6-7B82-64E8-848C73D8D6E2}.Release|Any CPU.Build.0 = Release|Any CPU
	EndGlobalSection
	GlobalSection(SolutionProperties) = preSolution
		HideSolutionNode = FALSE
	EndGlobalSection
EndGlobal
