
Microsoft Visual Studio Solution File, Format Version 12.00
# Visual Studio Version 17
VisualStudioVersion = 17.2.32505.173
MinimumVisualStudioVersion = 10.0.40219.1
Project("{FAE04EC0-301F-11D3-BF4B-00C04F79EFBC}") = "검색매크로", "검색매크로\검색매크로.csproj", "{F34FD953-0EB2-46FD-A12D-CCF26121A4CE}"
EndProject
Global
	GlobalSection(SolutionConfigurationPlatforms) = preSolution
		Debug|Any CPU = Debug|Any CPU
		Release|Any CPU = Release|Any CPU
	EndGlobalSection
	GlobalSection(ProjectConfigurationPlatforms) = postSolution
		{F34FD953-0EB2-46FD-A12D-CCF26121A4CE}.Debug|Any CPU.ActiveCfg = Debug|Any CPU
		{F34FD953-0EB2-46FD-A12D-CCF26121A4CE}.Debug|Any CPU.Build.0 = Debug|Any CPU
		{F34FD953-0EB2-46FD-A12D-CCF26121A4CE}.Release|Any CPU.ActiveCfg = Release|Any CPU
		{F34FD953-0EB2-46FD-A12D-CCF26121A4CE}.Release|Any CPU.Build.0 = Release|Any CPU
	EndGlobalSection
	GlobalSection(SolutionProperties) = preSolution
		HideSolutionNode = FALSE
	EndGlobalSection
	GlobalSection(ExtensibilityGlobals) = postSolution
		SolutionGuid = {103330D8-F04C-4F90-9681-3A0959EDAF1C}
	EndGlobalSection
EndGlobal
